
Microsoft Visual Studio Solution File, Format Version 12.00
# Visual Studio Version 17
VisualStudioVersion = 17.0.32126.317
MinimumVisualStudioVersion = 10.0.40219.1
Project("{9A19103F-16F7-4668-BE54-9A1E7A4F7556}") = "AreaCalculator", "AreaCalculator.csproj", "{8E37DA0D-2694-48B6-820D-26B6955A2058}"
EndProject
Project("{9A19103F-16F7-4668-BE54-9A1E7A4F7556}") = "AreaCalculatorLib", "..\AreaCalculatorLib\AreaCalculatorLib.csproj", "{46D3FC0B-A0CF-491C-B305-F0E707CFE6EB}"
EndProject
Project("{FAE04EC0-301F-11D3-BF4B-00C04F79EFBC}") = "AreaCalculatorLibTests", "..\AreaCalculatorLibTests\AreaCalculatorLibTests.csproj", "{22B419BA-44E0-4FDB-B4C5-600783CA959E}"
EndProject
Global
	GlobalSection(SolutionConfigurationPlatforms) = preSolution
		Debug|Any CPU = Debug|Any CPU
		Release|Any CPU = Release|Any CPU
	EndGlobalSection
	GlobalSection(ProjectConfigurationPlatforms) = postSolution
		{8E37DA0D-2694-48B6-820D-26B6955A2058}.Debug|Any CPU.ActiveCfg = Debug|Any CPU
		{8E37DA0D-2694-48B6-820D-26B6955A2058}.Debug|Any CPU.Build.0 = Debug|Any CPU
		{8E37DA0D-2694-48B6-820D-26B6955A2058}.Release|Any CPU.ActiveCfg = Release|Any CPU
		{8E37DA0D-2694-48B6-820D-26B6955A2058}.Release|Any CPU.Build.0 = Release|Any CPU
		{46D3FC0B-A0CF-491C-B305-F0E707CFE6EB}.Debug|Any CPU.ActiveCfg = Debug|Any CPU
		{46D3FC0B-A0CF-491C-B305-F0E707CFE6EB}.Debug|Any CPU.Build.0 = Debug|Any CPU
		{46D3FC0B-A0CF-491C-B305-F0E707CFE6EB}.Release|Any CPU.ActiveCfg = Release|Any CPU
		{46D3FC0B-A0CF-491C-B305-F0E707CFE6EB}.Release|Any CPU.Build.0 = Release|Any CPU
		{22B419BA-44E0-4FDB-B4C5-600783CA959E}.Debug|Any CPU.ActiveCfg = Debug|Any CPU
		{22B419BA-44E0-4FDB-B4C5-600783CA959E}.Debug|Any CPU.Build.0 = Debug|Any CPU
		{22B419BA-44E0-4FDB-B4C5-600783CA959E}.Release|Any CPU.ActiveCfg = Release|Any CPU
		{22B419BA-44E0-4FDB-B4C5-600783CA959E}.Release|Any CPU.Build.0 = Release|Any CPU
	EndGlobalSection
	GlobalSection(SolutionProperties) = preSolution
		HideSolutionNode = FALSE
	EndGlobalSection
	GlobalSection(ExtensibilityGlobals) = postSolution
		SolutionGuid = {B2AD4C1D-208C-44A3-8ABD-E216B69507AB}
	EndGlobalSection
EndGlobal
